{
  "R": {
    "Version": "4.4.1",
    "Repositories": [
      {
        "Name": "CRAN",
        "URL": "https://cloud.r-project.org"
      }
    ]
  },
  "Packages": {
    "renv": {
      "Package": "renv",
      "Version": "1.0.7",
      "Source": "Repository",
      "Repository": "CRAN"
    },
    "bibliometrix": {
      "Package": "bibliometrix",
      "Version": "4.3.0",
      "Source": "Repository",
      "Repository": "CRAN"
    },
    "openalexR": {
      "Package": "openalexR",
      "Version": "1.4.0",
      "Source": "Repository",
      "Repository": "CRAN"
    },
    "rcrossref": {
      "Package": "rcrossref",
      "Version": "1.2.0",
      "Source": "Repository",
      "Repository": "CRAN"
    },
    "pubmedR": {
      "Package": "pubmedR",
      "Version": "0.0.3",
      "Source": "Repository",
      "Repository": "CRAN"
    },
    "europepmc": {
      "Package": "europepmc",
      "Version": "0.4.3",
      "Source": "Repository",
      "Repository": "CRAN"
    },
    "rscopus": {
      "Package": "rscopus",
      "Version": "0.6.6",
      "Source": "Repository",
      "Repository": "CRAN"
    },
    "wosr": {
      "Package": "wosr",
      "Version": "0.3.0",
      "Source": "Repository",
      "Repository": "CRAN"
    },
    "rorcid": {
      "Package": "rorcid",
      "Version": "0.7.0",
      "Source": "Repository",
      "Repository": "CRAN"
    },
    "roadoi": {
      "Package": "roadoi",
      "Version": "0.7.2",
      "Source": "Repository",
      "Repository": "CRAN"
    },
    "rAltmetric": {
      "Package": "rAltmetric",
      "Version": "0.7.0",
      "Source": "Repository",
      "Repository": "CRAN"
    },
    "RefManageR": {
      "Package": "RefManageR",
      "Version": "1.4.0",
      "Source": "Repository",
      "Repository": "CRAN"
    },
    "bib2df": {
      "Package": "bib2df",
      "Version": "1.1.1",
      "Source": "Repository",
      "Repository": "CRAN"
    },
    "pdftools": {
      "Package": "pdftools",
      "Version": "3.4.1",
      "Source": "Repository",
      "Repository": "CRAN"
    },
    "tesseract": {
      "Package": "tesseract",
      "Version": "5.2.1",
      "Source": "Repository",
      "Repository": "CRAN"
    },
    "tm": {
      "Package": "tm",
      "Version": "0.7-13",
      "Source": "Repository",
      "Repository": "CRAN"
    },
    "quanteda": {
      "Package": "quanteda",
      "Version": "4.1.0",
      "Source": "Repository",
      "Repository": "CRAN"
    },
    "tidytext": {
      "Package": "tidytext",
      "Version": "0.4.2",
      "Source": "Repository",
      "Repository": "CRAN"
    },
    "topicmodels": {
      "Package": "topicmodels",
      "Version": "0.2-16",
      "Source": "Repository",
      "Repository": "CRAN"
    },
    "stm": {
      "Package": "stm",
      "Version": "1.3.7",
      "Source": "Repository",
      "Repository": "CRAN"
    },
    "igraph": {
      "Package": "igraph",
      "Version": "2.0.3",
      "Source": "Repository",
      "Repository": "CRAN"
    },
    "tidygraph": {
      "Package": "tidygraph",
      "Version": "1.3.1",
      "Source": "Repository",
      "Repository": "CRAN"
    },
    "ggraph": {
      "Package": "ggraph",
      "Version": "2.2.1",
      "Source": "Repository",
      "Repository": "CRAN"
    },
    "visNetwork": {
      "Package": "visNetwork",
      "Version": "2.1.2",
      "Source": "Repository",
      "Repository": "CRAN"
    },
    "networkD3": {
      "Package": "networkD3",
      "Version": "0.4",
      "Source": "Repository",
      "Repository": "CRAN"
    },
    "leidenAlg": {
      "Package": "leidenAlg",
      "Version": "1.1.3",
      "Source": "Repository",
      "Repository": "CRAN"
    },
    "gender": {
      "Package": "gender",
      "Version": "0.6.0",
      "Source": "Repository",
      "Repository": "CRAN"
    },
    "lubridate": {
      "Package": "lubridate",
      "Version": "1.9.3",
      "Source": "Repository",
      "Repository": "CRAN"
    },
    "tidyverse": {
      "Package": "tidyverse",
      "Version": "2.0.0",
      "Source": "Repository",
      "Repository": "CRAN"
    },
    "data.table": {
      "Package": "data.table",
      "Version": "1.16.0",
      "Source": "Repository",
      "Repository": "CRAN"
    },
    "arrow": {
      "Package": "arrow",
      "Version": "17.0.0",
      "Source": "Repository",
      "Repository": "CRAN"
    },
    "duckdb": {
      "Package": "duckdb",
      "Version": "1.0.0",
      "Source": "Repository",
      "Repository": "CRAN"
    },
    "DBI": {
      "Package": "DBI",
      "Version": "1.2.3",
      "Source": "Repository",
      "Repository": "CRAN"
    },
    "glue": {
      "Package": "glue",
      "Version": "1.7.0",
      "Source": "Repository",
      "Repository": "CRAN"
    },
    "fs": {
      "Package": "fs",
      "Version": "1.6.4",
      "Source": "Repository",
      "Repository": "CRAN"
    },
    "here": {
      "Package": "here",
      "Version": "1.0.1",
      "Source": "Repository",
      "Repository": "CRAN"
    },
    "targets": {
      "Package": "targets",
      "Version": "1.7.1",
      "Source": "Repository",
      "Repository": "CRAN"
    },
    "tarchetypes": {
      "Package": "tarchetypes",
      "Version": "0.9.0",
      "Source": "Repository",
      "Repository": "CRAN"
    },
    "quarto": {
      "Package": "quarto",
      "Version": "1.4.4",
      "Source": "Repository",
      "Repository": "CRAN"
    },
    "pkgdown": {
      "Package": "pkgdown",
      "Version": "2.1.0",
      "Source": "Repository",
      "Repository": "CRAN"
    },
    "testthat": {
      "Package": "testthat",
      "Version": "3.2.1",
      "Source": "Repository",
      "Repository": "CRAN"
    },
    "lintr": {
      "Package": "lintr",
      "Version": "3.1.2",
      "Source": "Repository",
      "Repository": "CRAN"
    },
    "styler": {
      "Package": "styler",
      "Version": "1.10.3",
      "Source": "Repository",
      "Repository": "CRAN"
    },
    "reticulate": {
      "Package": "reticulate",
      "Version": "1.38.0",
      "Source": "Repository",
      "Repository": "CRAN"
    },
    "shiny": {
      "Package": "shiny",
      "Version": "1.9.1",
      "Source": "Repository",
      "Repository": "CRAN"
    },
    "bslib": {
      "Package": "bslib",
      "Version": "0.8.0",
      "Source": "Repository",
      "Repository": "CRAN"
    },
    "flexdashboard": {
      "Package": "flexdashboard",
      "Version": "0.6.2",
      "Source": "Repository",
      "Repository": "CRAN"
    },
    "gt": {
      "Package": "gt",
      "Version": "0.11.0",
      "Source": "Repository",
      "Repository": "CRAN"
    },
    "gtsummary": {
      "Package": "gtsummary",
      "Version": "2.0.0",
      "Source": "Repository",
      "Repository": "CRAN"
    },
    "patchwork": {
      "Package": "patchwork",
      "Version": "1.2.0",
      "Source": "Repository",
      "Repository": "CRAN"
    },
    "scales": {
      "Package": "scales",
      "Version": "1.3.0",
      "Source": "Repository",
      "Repository": "CRAN"
    },
    "ggrepel": {
      "Package": "ggrepel",
      "Version": "0.9.5",
      "Source": "Repository",
      "Repository": "CRAN"
    },
    "ggtext": {
      "Package": "ggtext",
      "Version": "0.1.2",
      "Source": "Repository",
      "Repository": "CRAN"
    },
    "viridis": {
      "Package": "viridis",
      "Version": "0.6.5",
      "Source": "Repository",
      "Repository": "CRAN"
    },
    "rlang": {
      "Package": "rlang",
      "Version": "1.1.4",
      "Source": "Repository",
      "Repository": "CRAN"
    },
    "dplyr": {
      "Package": "dplyr",
      "Version": "1.1.4",
      "Source": "Repository",
      "Repository": "CRAN"
    },
    "tibble": {
      "Package": "tibble",
      "Version": "3.2.1",
      "Source": "Repository",
      "Repository": "CRAN"
    },
    "ggplot2": {
      "Package": "ggplot2",
      "Version": "3.5.1",
      "Source": "Repository",
      "Repository": "CRAN"
    }
  }
}
